
Microsoft Visual Studio Solution File, Format Version 12.00
Project("{FAE04EC0-301F-11D3-BF4B-00C04F79EFBC}") = "UnitTestsStructural", "UnitTestsStructural\UnitTestsStructural.csproj", "{4C20DFC0-F983-4AAF-92DA-7202C0CED31F}"
EndProject
Project("{FAE04EC0-301F-11D3-BF4B-00C04F79EFBC}") = "StructuralVisualizer1", "StructuralVisualizer1\StructuralVisualizer1.csproj", "{4122EBB2-5211-49B0-B651-EA1FDD8950E7}"
EndProject
Global
	GlobalSection(SolutionConfigurationPlatforms) = preSolution
		Debug|Any CPU = Debug|Any CPU
		Release|Any CPU = Release|Any CPU
	EndGlobalSection
	GlobalSection(ProjectConfigurationPlatforms) = postSolution
		{4C20DFC0-F983-4AAF-92DA-7202C0CED31F}.Debug|Any CPU.ActiveCfg = Debug|Any CPU
		{4C20DFC0-F983-4AAF-92DA-7202C0CED31F}.Debug|Any CPU.Build.0 = Debug|Any CPU
		{4C20DFC0-F983-4AAF-92DA-7202C0CED31F}.Release|Any CPU.ActiveCfg = Release|Any CPU
		{4C20DFC0-F983-4AAF-92DA-7202C0CED31F}.Release|Any CPU.Build.0 = Release|Any CPU
		{4122EBB2-5211-49B0-B651-EA1FDD8950E7}.Debug|Any CPU.ActiveCfg = Debug|Any CPU
		{4122EBB2-5211-49B0-B651-EA1FDD8950E7}.Debug|Any CPU.Build.0 = Debug|Any CPU
		{4122EBB2-5211-49B0-B651-EA1FDD8950E7}.Release|Any CPU.ActiveCfg = Release|Any CPU
		{4122EBB2-5211-49B0-B651-EA1FDD8950E7}.Release|Any CPU.Build.0 = Release|Any CPU
	EndGlobalSection
EndGlobal
